PODS:
  - ADCountryPicker (2.1.0)
  - Alamofire (5.9.1)
  - Algorithm (3.1.1)
  - AppsFlyerFramework (6.14.4):
    - AppsFlyerFramework/Main (= 6.14.4)
  - AppsFlyerFramework/Main (6.14.4)
  - Branch (1.45.2)
  - Charts (4.1.0):
    - Charts/Core (= 4.1.0)
  - Charts/Core (4.1.0):
    - SwiftAlgorithms (~> 1.0)
  - CocoaLumberjack (3.8.5):
    - CocoaLumberjack/Core (= 3.8.5)
  - CocoaLumberjack/Core (3.8.5)
  - CountryPickerView (3.3.0)
  - DropDown (2.3.13)
  - ESPullToRefresh (2.9.3)
  - ExpandableLabel (0.5.2)
  - FFDataWrapper (2.2)
  - FlagPhoneNumber (0.8.0):
    - FlagPhoneNumber/libPhoneNumberiOS (= 0.8.0)
  - FlagPhoneNumber/libPhoneNumberiOS (0.8.0)
  - GooglePlaces (7.4.0)
  - IQKeyboardManagerSwift (7.0.3)
  - JWTDecode (3.1.0)
  - lottie-ios (4.4.3)
  - MultiProgressView (1.3.0)
  - NVActivityIndicatorView (5.2.0):
    - NVActivityIndicatorView/Base (= 5.2.0)
  - NVActivityIndicatorView/Base (5.2.0)
  - SDWebImage (5.19.2):
    - SDWebImage/Core (= 5.19.2)
  - SDWebImage/Core (5.19.2)
  - SDWebImageSVGKitPlugin (1.4.0):
    - SDWebImage/Core (~> 5.10)
    - SVGKit (~> 3.0)
  - Socket.IO-Client-Swift (16.1.0):
    - Starscream (~> 4.0.6)
  - Starscream (4.0.8)
  - StripeApplePay (23.27.3):
    - StripeCore (= 23.27.3)
  - StripeCore (23.27.3)
  - SVGKit (3.0.0):
    - CocoaLumberjack (~> 3.0)
  - SwiftAlgorithms (1.0.0)
  - SwiftEntryKit (2.0.0)
  - SwiftyGif (5.4.5)
  - SwiftyJSON (5.0.2)
  - SwiftySRP (3.1):
    - FFDataWrapper (~> 2.2)

DEPENDENCIES:
  - ADCountryPicker
  - Alamofire
  - Algorithm
  - AppsFlyerFramework
  - Branch
  - Charts
  - CountryPickerView
  - DropDown
  - ESPullToRefresh
  - ExpandableLabel
  - FlagPhoneNumber
  - GooglePlaces
  - IQKeyboardManagerSwift
  - JWTDecode
  - lottie-ios
  - MultiProgressView
  - NVActivityIndicatorView
  - SDWebImage
  - SDWebImageSVGKitPlugin
  - Socket.IO-Client-Swift
  - Starscream
  - StripeApplePay
  - SVGKit
  - SwiftEntryKit
  - SwiftyGif
  - SwiftyJSON
  - SwiftySRP

SPEC REPOS:
  trunk:
    - ADCountryPicker
    - Alamofire
    - Algorithm
    - AppsFlyerFramework
    - Branch
    - Charts
    - CocoaLumberjack
    - CountryPickerView
    - DropDown
    - ESPullToRefresh
    - ExpandableLabel
    - FFDataWrapper
    - FlagPhoneNumber
    - GooglePlaces
    - IQKeyboardManagerSwift
    - JWTDecode
    - lottie-ios
    - MultiProgressView
    - NVActivityIndicatorView
    - SDWebImage
    - SDWebImageSVGKitPlugin
    - Socket.IO-Client-Swift
    - Starscream
    - StripeApplePay
    - StripeCore
    - SVGKit
    - SwiftAlgorithms
    - SwiftEntryKit
    - SwiftyGif
    - SwiftyJSON
    - SwiftySRP

SPEC CHECKSUMS:
  ADCountryPicker: 502cee76a30ea1c3834eb0df170ce635691655c9
  Alamofire: f36a35757af4587d8e4f4bfa223ad10be2422b8c
  Algorithm: c4a5475259f6de29134843e5e44b534e0bbfeec9
  AppsFlyerFramework: 4d7e8c7a6d8487e2ec84b63ba3603ec985308ac4
  Branch: c1a7fa1811ef9203c01bc6c2588a229eb3ee1a84
  Charts: ce0768268078eee0336f122c3c4ca248e4e204c5
  CocoaLumberjack: 6a459bc897d6d80bd1b8c78482ec7ad05dffc3f0
  CountryPickerView: 6322ada32a80b0cd721b0267282a5c24f406f263
  DropDown: 8a2116376c1981888557f72ec2ffc9a5e0e456ec
  ESPullToRefresh: 0d68daa602b343c81753a1b95e09fd0bfcddfd40
  ExpandableLabel: c2fab6d27860c572d67134b30522a5917746171d
  FFDataWrapper: 3ca01693843256ccc2e904874bbd987866002b77
  FlagPhoneNumber: 3712455b95f66cb0f2016fef7d9e34cddf8c7f9a
  GooglePlaces: 544e908d94860bf6f8fc1865b80d2c7eb6b5f937
  IQKeyboardManagerSwift: f9c5dc36cba16ddd2e51fa7d51c34a2e083029b5
  JWTDecode: 3eaab1e06b6f4dcbdd6716aff09ba4c2104ca8b7
  lottie-ios: fcb5e73e17ba4c983140b7d21095c834b3087418
  MultiProgressView: 65e5bb8181687099ade56d16d85d245a92fafa96
  NVActivityIndicatorView: fe52a6a68664c2df8991d7d9e3d86d8d19453c53
  SDWebImage: dfe95b2466a9823cf9f0c6d01217c06550d7b29a
  SDWebImageSVGKitPlugin: 7542dd07c344ec3415ded0461a1161a6f087e0c9
  Socket.IO-Client-Swift: ee4b8f80a3db18dd7f32b266ddf273310609443c
  Starscream: 19b5533ddb925208db698f0ac508a100b884a1b9
  StripeApplePay: ac6e43fc0cbf51fe5a4b660dd7342047133d7e33
  StripeCore: 60f0d5897d31f8413d9147e70c1ade114254fb99
  SVGKit: 1ad7513f8c74d9652f94ed64ddecda1a23864dea
  SwiftAlgorithms: 38dda4731d19027fdeee1125f973111bf3386b53
  SwiftEntryKit: 61b5fa36f34a97dd8013e48a7345bc4c4720be9a
  SwiftyGif: 706c60cf65fa2bc5ee0313beece843c8eb8194d4
  SwiftyJSON: f5b1bf1cd8dd53cd25887ac0eabcfd92301c6a5a
  SwiftySRP: 628ba1b2bfa9042602989d48dd01dad828e3c9dd

PODFILE CHECKSUM: 5931b8ac11760dda7fbf9df7c7669c5f2f1e9f08

COCOAPODS: 1.15.2
